{
  "name": "friendly-on-enter",
  "version": "1.0.0",
  "lockfileVersion": 1,
  "requires": true,
  "dependencies": {
    "is-hotkey": {
      "version": "0.1.1",
      "resolved": "https://registry.npmjs.org/is-hotkey/-/is-hotkey-0.1.1.tgz",
      "integrity": "sha512-ebDPnsc4Lw9O7GpnJkpNIuEJVjsFg1X60+5omHfFg9y1S4r6qwddENg0vHqtmWxsu/D8DGbAb5jjLzRZs0NMbA=="
    },
    "lodash": {
      "version": "4.17.4",
      "resolved": "https://registry.npmjs.org/lodash/-/lodash-4.17.4.tgz",
      "integrity": "sha1-eCA6TRwyiuHYbcpkYONptX9AVa4="
    }
  }
}
